
Microsoft Visual Studio Solution File, Format Version 12.00
# Visual Studio 2013
VisualStudioVersion = 12.0.21005.1
MinimumVisualStudioVersion = 10.0.40219.1
Project("{888888A0-9F3D-457C-B088-3A5042F75D52}") = "io_scene_valvesource", "io_scene_valvesource.pyproj", "{5E446A8F-55CC-4931-9E47-9A392D07B69A}"
EndProject
Global
	GlobalSection(SolutionConfigurationPlatforms) = preSolution
		Debug|Any CPU = Debug|Any CPU
		Release|Any CPU = Release|Any CPU
	EndGlobalSection
	GlobalSection(ProjectConfigurationPlatforms) = postSolution
		{5E446A8F-55CC-4931-9E47-9A392D07B69A}.Debug|Any CPU.ActiveCfg = Debug|Any CPU
		{5E446A8F-55CC-4931-9E47-9A392D07B69A}.Debug|Any CPU.Build.0 = Debug|Any CPU
		{5E446A8F-55CC-4931-9E47-9A392D07B69A}.Release|Any CPU.ActiveCfg = Release|Any CPU
		{5E446A8F-55CC-4931-9E47-9A392D07B69A}.Release|Any CPU.Build.0 = Release|Any CPU
	EndGlobalSection
	GlobalSection(SolutionProperties) = preSolution
		HideSolutionNode = FALSE
	EndGlobalSection
EndGlobal
